// !$*UTF8*$!
{
	archiveVersion = 1;
	classes = {
	};
	objectVersion = 55;
	objects = {

/* Begin PBXBuildFile section */
		C91DA3542991929A005DAD06 /* LocationViewModel.swift in Sources */ = {isa = PBXBuildFile; fileRef = C91DA3532991929A005DAD06 /* LocationViewModel.swift */; };
		C91DA357299194FC005DAD06 /* WeatherEndpoint.swift in Sources */ = {isa = PBXBuildFile; fileRef = C91DA356299194FC005DAD06 /* WeatherEndpoint.swift */; };
		C91DA3592991BFCC005DAD06 /* WeatherViewModel.swift in Sources */ = {isa = PBXBuildFile; fileRef = C91DA3582991BFCC005DAD06 /* WeatherViewModel.swift */; };
		C91DA35C2991C182005DAD06 /* WeatherService.swift in Sources */ = {isa = PBXBuildFile; fileRef = C91DA35B2991C182005DAD06 /* WeatherService.swift */; };
		C91DA35E2991C260005DAD06 /* CurrentWeatherResponse.swift in Sources */ = {isa = PBXBuildFile; fileRef = C91DA35D2991C260005DAD06 /* CurrentWeatherResponse.swift */; };
		C91DA3612991C4C8005DAD06 /* ResultState.swift in Sources */ = {isa = PBXBuildFile; fileRef = C91DA3602991C4C8005DAD06 /* ResultState.swift */; };
		C91DA3632991C7A6005DAD06 /* ForecastResponse.swift in Sources */ = {isa = PBXBuildFile; fileRef = C91DA3622991C7A6005DAD06 /* ForecastResponse.swift */; };
		C9493DF1298BAFA4007D5D4E /* APIError.swift in Sources */ = {isa = PBXBuildFile; fileRef = C9493DF0298BAFA4007D5D4E /* APIError.swift */; };
		C9493DF3298BB053007D5D4E /* ErrorView.swift in Sources */ = {isa = PBXBuildFile; fileRef = C9493DF2298BB053007D5D4E /* ErrorView.swift */; };
		C954024F298B952100F9990F /* WeatherData.swift in Sources */ = {isa = PBXBuildFile; fileRef = C954024E298B952100F9990F /* WeatherData.swift */; };
		C9540251298B958700F9990F /* City.swift in Sources */ = {isa = PBXBuildFile; fileRef = C9540250298B958700F9990F /* City.swift */; };
		C9540253298B95D800F9990F /* WeatherModel.swift in Sources */ = {isa = PBXBuildFile; fileRef = C9540252298B95D800F9990F /* WeatherModel.swift */; };
		C9540255298B963600F9990F /* ForecastModel.swift in Sources */ = {isa = PBXBuildFile; fileRef = C9540254298B963600F9990F /* ForecastModel.swift */; };
		C9540257298B96A900F9990F /* MulticastDelegate.swift in Sources */ = {isa = PBXBuildFile; fileRef = C9540256298B96A900F9990F /* MulticastDelegate.swift */; };
		C954025A298B96FB00F9990F /* ExtensionOnDate.swift in Sources */ = {isa = PBXBuildFile; fileRef = C9540259298B96FB00F9990F /* ExtensionOnDate.swift */; };
		C954025C298B983100F9990F /* ExtensionOnArray.swift in Sources */ = {isa = PBXBuildFile; fileRef = C954025B298B983100F9990F /* ExtensionOnArray.swift */; };
		C954025E298B989100F9990F /* ExtensionOnCollection.swift in Sources */ = {isa = PBXBuildFile; fileRef = C954025D298B989100F9990F /* ExtensionOnCollection.swift */; };
		C9540260298B990C00F9990F /* WeatherManager.swift in Sources */ = {isa = PBXBuildFile; fileRef = C954025F298B990C00F9990F /* WeatherManager.swift */; };
		C9540262298B996B00F9990F /* Network.swift in Sources */ = {isa = PBXBuildFile; fileRef = C9540261298B996B00F9990F /* Network.swift */; };
		C9540264298B99F100F9990F /* Request.swift in Sources */ = {isa = PBXBuildFile; fileRef = C9540263298B99F100F9990F /* Request.swift */; };
		C9540266298BA0AE00F9990F /* ExtensionOnView.swift in Sources */ = {isa = PBXBuildFile; fileRef = C9540265298BA0AE00F9990F /* ExtensionOnView.swift */; };
		C9540269298BA47200F9990F /* LabelledDivider.swift in Sources */ = {isa = PBXBuildFile; fileRef = C9540268298BA47200F9990F /* LabelledDivider.swift */; };
		C954026B298BA50200F9990F /* CustomRow.swift in Sources */ = {isa = PBXBuildFile; fileRef = C954026A298BA50200F9990F /* CustomRow.swift */; };
		C954026E298BAB9F00F9990F /* LabelStyle.swift in Sources */ = {isa = PBXBuildFile; fileRef = C954026D298BAB9F00F9990F /* LabelStyle.swift */; };
		C95B08CE298A5E1C0011966D /* WeatherDisplay.swift in Sources */ = {isa = PBXBuildFile; fileRef = C95B08CD298A5E1C0011966D /* WeatherDisplay.swift */; };
		C96D28262988230F007CF170 /* AppDelegate.swift in Sources */ = {isa = PBXBuildFile; fileRef = C96D28252988230F007CF170 /* AppDelegate.swift */; };
		C96D28282988230F007CF170 /* SceneDelegate.swift in Sources */ = {isa = PBXBuildFile; fileRef = C96D28272988230F007CF170 /* SceneDelegate.swift */; };
		C96D282A2988230F007CF170 /* WeatherDisplayViewController.swift in Sources */ = {isa = PBXBuildFile; fileRef = C96D28292988230F007CF170 /* WeatherDisplayViewController.swift */; };
		C96D282D2988230F007CF170 /* Main.storyboard in Resources */ = {isa = PBXBuildFile; fileRef = C96D282B2988230F007CF170 /* Main.storyboard */; };
		C96D282F29882310007CF170 /* Assets.xcassets in Resources */ = {isa = PBXBuildFile; fileRef = C96D282E29882310007CF170 /* Assets.xcassets */; };
		C96D283229882310007CF170 /* LaunchScreen.storyboard in Resources */ = {isa = PBXBuildFile; fileRef = C96D283029882310007CF170 /* LaunchScreen.storyboard */; };
		C97EBF78298DE9C900A29C86 /* ShowWeatherViewController.swift in Sources */ = {isa = PBXBuildFile; fileRef = C97EBF77298DE9C900A29C86 /* ShowWeatherViewController.swift */; };
		C982E81B298CFF6E005FE554 /* WeatherSuccessView.swift in Sources */ = {isa = PBXBuildFile; fileRef = C982E81A298CFF6E005FE554 /* WeatherSuccessView.swift */; };
		C989B149298ABBE80095ABD7 /* WeatherDisplayTableViewCell.swift in Sources */ = {isa = PBXBuildFile; fileRef = C989B148298ABBE80095ABD7 /* WeatherDisplayTableViewCell.swift */; };
		C99AA3422992696300560A2E /* General Helpers.swift in Sources */ = {isa = PBXBuildFile; fileRef = C99AA3412992696300560A2E /* General Helpers.swift */; };
		C99AA3442992AB3C00560A2E /* WeatherView.swift in Sources */ = {isa = PBXBuildFile; fileRef = C99AA3432992AB3C00560A2E /* WeatherView.swift */; };
		C9E238ED2989925C005C3BA4 /* WeatherHeaderCollectionViewCell.swift in Sources */ = {isa = PBXBuildFile; fileRef = C9E238EC2989925C005C3BA4 /* WeatherHeaderCollectionViewCell.swift */; };
		C9FFEA7C298891A70000F659 /* CustomBlurView.swift in Sources */ = {isa = PBXBuildFile; fileRef = C9FFEA78298891A70000F659 /* CustomBlurView.swift */; };
		C9FFEA7D298891A70000F659 /* CustomUIView.swift in Sources */ = {isa = PBXBuildFile; fileRef = C9FFEA79298891A70000F659 /* CustomUIView.swift */; };
		C9FFEA7E298891A70000F659 /* Font.swift in Sources */ = {isa = PBXBuildFile; fileRef = C9FFEA7A298891A70000F659 /* Font.swift */; };
		C9FFEA7F298891A70000F659 /* CustomImageView.swift in Sources */ = {isa = PBXBuildFile; fileRef = C9FFEA7B298891A70000F659 /* CustomImageView.swift */; };
/* End PBXBuildFile section */

/* Begin PBXFileReference section */
		C91DA3532991929A005DAD06 /* LocationViewModel.swift */ = {isa = PBXFileReference; lastKnownFileType = sourcecode.swift; path = LocationViewModel.swift; sourceTree = "<group>"; };
		C91DA356299194FC005DAD06 /* WeatherEndpoint.swift */ = {isa = PBXFileReference; lastKnownFileType = sourcecode.swift; path = WeatherEndpoint.swift; sourceTree = "<group>"; };
		C91DA3582991BFCC005DAD06 /* WeatherViewModel.swift */ = {isa = PBXFileReference; lastKnownFileType = sourcecode.swift; path = WeatherViewModel.swift; sourceTree = "<group>"; };
		C91DA35B2991C182005DAD06 /* WeatherService.swift */ = {isa = PBXFileReference; lastKnownFileType = sourcecode.swift; path = WeatherService.swift; sourceTree = "<group>"; };
		C91DA35D2991C260005DAD06 /* CurrentWeatherResponse.swift */ = {isa = PBXFileReference; lastKnownFileType = sourcecode.swift; path = CurrentWeatherResponse.swift; sourceTree = "<group>"; };
		C91DA3602991C4C8005DAD06 /* ResultState.swift */ = {isa = PBXFileReference; lastKnownFileType = sourcecode.swift; path = ResultState.swift; sourceTree = "<group>"; };
		C91DA3622991C7A6005DAD06 /* ForecastResponse.swift */ = {isa = PBXFileReference; lastKnownFileType = sourcecode.swift; path = ForecastResponse.swift; sourceTree = "<group>"; };
		C9493DF0298BAFA4007D5D4E /* APIError.swift */ = {isa = PBXFileReference; lastKnownFileType = sourcecode.swift; path = APIError.swift; sourceTree = "<group>"; };
		C9493DF2298BB053007D5D4E /* ErrorView.swift */ = {isa = PBXFileReference; lastKnownFileType = sourcecode.swift; path = ErrorView.swift; sourceTree = "<group>"; };
		C954024E298B952100F9990F /* WeatherData.swift */ = {isa = PBXFileReference; lastKnownFileType = sourcecode.swift; path = WeatherData.swift; sourceTree = "<group>"; };
		C9540250298B958700F9990F /* City.swift */ = {isa = PBXFileReference; lastKnownFileType = sourcecode.swift; path = City.swift; sourceTree = "<group>"; };
		C9540252298B95D800F9990F /* WeatherModel.swift */ = {isa = PBXFileReference; lastKnownFileType = sourcecode.swift; path = WeatherModel.swift; sourceTree = "<group>"; };
		C9540254298B963600F9990F /* ForecastModel.swift */ = {isa = PBXFileReference; lastKnownFileType = sourcecode.swift; path = ForecastModel.swift; sourceTree = "<group>"; };
		C9540256298B96A900F9990F /* MulticastDelegate.swift */ = {isa = PBXFileReference; lastKnownFileType = sourcecode.swift; path = MulticastDelegate.swift; sourceTree = "<group>"; };
		C9540259298B96FB00F9990F /* ExtensionOnDate.swift */ = {isa = PBXFileReference; lastKnownFileType = sourcecode.swift; path = ExtensionOnDate.swift; sourceTree = "<group>"; };
		C954025B298B983100F9990F /* ExtensionOnArray.swift */ = {isa = PBXFileReference; lastKnownFileType = sourcecode.swift; path = ExtensionOnArray.swift; sourceTree = "<group>"; };
		C954025D298B989100F9990F /* ExtensionOnCollection.swift */ = {isa = PBXFileReference; lastKnownFileType = sourcecode.swift; path = ExtensionOnCollection.swift; sourceTree = "<group>"; };
		C954025F298B990C00F9990F /* WeatherManager.swift */ = {isa = PBXFileReference; lastKnownFileType = sourcecode.swift; path = WeatherManager.swift; sourceTree = "<group>"; };
		C9540261298B996B00F9990F /* Network.swift */ = {isa = PBXFileReference; lastKnownFileType = sourcecode.swift; path = Network.swift; sourceTree = "<group>"; };
		C9540263298B99F100F9990F /* Request.swift */ = {isa = PBXFileReference; lastKnownFileType = sourcecode.swift; path = Request.swift; sourceTree = "<group>"; };
		C9540265298BA0AE00F9990F /* ExtensionOnView.swift */ = {isa = PBXFileReference; lastKnownFileType = sourcecode.swift; path = ExtensionOnView.swift; sourceTree = "<group>"; };
		C9540268298BA47200F9990F /* LabelledDivider.swift */ = {isa = PBXFileReference; lastKnownFileType = sourcecode.swift; path = LabelledDivider.swift; sourceTree = "<group>"; };
		C954026A298BA50200F9990F /* CustomRow.swift */ = {isa = PBXFileReference; lastKnownFileType = sourcecode.swift; path = CustomRow.swift; sourceTree = "<group>"; };
		C954026D298BAB9F00F9990F /* LabelStyle.swift */ = {isa = PBXFileReference; lastKnownFileType = sourcecode.swift; path = LabelStyle.swift; sourceTree = "<group>"; };
		C95B08CD298A5E1C0011966D /* WeatherDisplay.swift */ = {isa = PBXFileReference; lastKnownFileType = sourcecode.swift; path = WeatherDisplay.swift; sourceTree = "<group>"; };
		C96D28222988230F007CF170 /* RobertsDVTWeatherTakeHome.app */ = {isa = PBXFileReference; explicitFileType = wrapper.application; includeInIndex = 0; path = RobertsDVTWeatherTakeHome.app; sourceTree = BUILT_PRODUCTS_DIR; };
		C96D28252988230F007CF170 /* AppDelegate.swift */ = {isa = PBXFileReference; lastKnownFileType = sourcecode.swift; path = AppDelegate.swift; sourceTree = "<group>"; };
		C96D28272988230F007CF170 /* SceneDelegate.swift */ = {isa = PBXFileReference; lastKnownFileType = sourcecode.swift; path = SceneDelegate.swift; sourceTree = "<group>"; };
		C96D28292988230F007CF170 /* WeatherDisplayViewController.swift */ = {isa = PBXFileReference; lastKnownFileType = sourcecode.swift; path = WeatherDisplayViewController.swift; sourceTree = "<group>"; };
		C96D282C2988230F007CF170 /* Base */ = {isa = PBXFileReference; lastKnownFileType = file.storyboard; name = Base; path = Base.lproj/Main.storyboard; sourceTree = "<group>"; };
		C96D282E29882310007CF170 /* Assets.xcassets */ = {isa = PBXFileReference; lastKnownFileType = folder.assetcatalog; path = Assets.xcassets; sourceTree = "<group>"; };
		C96D283129882310007CF170 /* Base */ = {isa = PBXFileReference; lastKnownFileType = file.storyboard; name = Base; path = Base.lproj/LaunchScreen.storyboard; sourceTree = "<group>"; };
		C96D283329882310007CF170 /* Info.plist */ = {isa = PBXFileReference; lastKnownFileType = text.plist.xml; path = Info.plist; sourceTree = "<group>"; };
		C97EBF77298DE9C900A29C86 /* ShowWeatherViewController.swift */ = {isa = PBXFileReference; lastKnownFileType = sourcecode.swift; path = ShowWeatherViewController.swift; sourceTree = "<group>"; };
		C982E81A298CFF6E005FE554 /* WeatherSuccessView.swift */ = {isa = PBXFileReference; lastKnownFileType = sourcecode.swift; path = WeatherSuccessView.swift; sourceTree = "<group>"; };
		C989B148298ABBE80095ABD7 /* WeatherDisplayTableViewCell.swift */ = {isa = PBXFileReference; lastKnownFileType = sourcecode.swift; path = WeatherDisplayTableViewCell.swift; sourceTree = "<group>"; };
		C99AA3412992696300560A2E /* General Helpers.swift */ = {isa = PBXFileReference; lastKnownFileType = sourcecode.swift; path = "General Helpers.swift"; sourceTree = "<group>"; };
		C99AA3432992AB3C00560A2E /* WeatherView.swift */ = {isa = PBXFileReference; lastKnownFileType = sourcecode.swift; path = WeatherView.swift; sourceTree = "<group>"; };
		C9E238EC2989925C005C3BA4 /* WeatherHeaderCollectionViewCell.swift */ = {isa = PBXFileReference; lastKnownFileType = sourcecode.swift; path = WeatherHeaderCollectionViewCell.swift; sourceTree = "<group>"; };
		C9FFEA78298891A70000F659 /* CustomBlurView.swift */ = {isa = PBXFileReference; fileEncoding = 4; lastKnownFileType = sourcecode.swift; path = CustomBlurView.swift; sourceTree = "<group>"; };
		C9FFEA79298891A70000F659 /* CustomUIView.swift */ = {isa = PBXFileReference; fileEncoding = 4; lastKnownFileType = sourcecode.swift; path = CustomUIView.swift; sourceTree = "<group>"; };
		C9FFEA7A298891A70000F659 /* Font.swift */ = {isa = PBXFileReference; fileEncoding = 4; lastKnownFileType = sourcecode.swift; path = Font.swift; sourceTree = "<group>"; };
		C9FFEA7B298891A70000F659 /* CustomImageView.swift */ = {isa = PBXFileReference; fileEncoding = 4; lastKnownFileType = sourcecode.swift; path = CustomImageView.swift; sourceTree = "<group>"; };
/* End PBXFileReference section */

/* Begin PBXFrameworksBuildPhase section */
		C96D281F2988230F007CF170 /* Frameworks */ = {
			isa = PBXFrameworksBuildPhase;
			buildActionMask = 2147483647;
			files = (
			);
			runOnlyForDeploymentPostprocessing = 0;
		};
/* End PBXFrameworksBuildPhase section */

/* Begin PBXGroup section */
		C91DA35229919287005DAD06 /* View Model */ = {
			isa = PBXGroup;
			children = (
				C91DA3532991929A005DAD06 /* LocationViewModel.swift */,
				C91DA3582991BFCC005DAD06 /* WeatherViewModel.swift */,
			);
			path = "View Model";
			sourceTree = "<group>";
		};
		C91DA355299194E3005DAD06 /* Endpoint */ = {
			isa = PBXGroup;
			children = (
				C91DA356299194FC005DAD06 /* WeatherEndpoint.swift */,
			);
			path = Endpoint;
			sourceTree = "<group>";
		};
		C91DA35A2991C16F005DAD06 /* Service */ = {
			isa = PBXGroup;
			children = (
				C91DA35B2991C182005DAD06 /* WeatherService.swift */,
			);
			path = Service;
			sourceTree = "<group>";
		};
		C91DA35F2991C4B4005DAD06 /* States */ = {
			isa = PBXGroup;
			children = (
				C91DA3602991C4C8005DAD06 /* ResultState.swift */,
			);
			path = States;
			sourceTree = "<group>";
		};
		C9493DEF298BAF94007D5D4E /* Error */ = {
			isa = PBXGroup;
			children = (
				C9493DF0298BAFA4007D5D4E /* APIError.swift */,
			);
			path = Error;
			sourceTree = "<group>";
		};
		C954024D298B950500F9990F /* Model */ = {
			isa = PBXGroup;
			children = (
				C954024E298B952100F9990F /* WeatherData.swift */,
				C9540261298B996B00F9990F /* Network.swift */,
				C9540263298B99F100F9990F /* Request.swift */,
				C954025F298B990C00F9990F /* WeatherManager.swift */,
				C9540256298B96A900F9990F /* MulticastDelegate.swift */,
				C9540254298B963600F9990F /* ForecastModel.swift */,
				C9540252298B95D800F9990F /* WeatherModel.swift */,
				C9540250298B958700F9990F /* City.swift */,
				C91DA35D2991C260005DAD06 /* CurrentWeatherResponse.swift */,
				C91DA3622991C7A6005DAD06 /* ForecastResponse.swift */,
			);
			path = Model;
			sourceTree = "<group>";
		};
		C9540258298B96E300F9990F /* Extensions */ = {
			isa = PBXGroup;
			children = (
				C9540259298B96FB00F9990F /* ExtensionOnDate.swift */,
				C9540265298BA0AE00F9990F /* ExtensionOnView.swift */,
				C954025B298B983100F9990F /* ExtensionOnArray.swift */,
				C954025D298B989100F9990F /* ExtensionOnCollection.swift */,
			);
			path = Extensions;
			sourceTree = "<group>";
		};
		C9540267298BA45700F9990F /* SwiftUI Views */ = {
			isa = PBXGroup;
			children = (
				C954026C298BAB8B00F9990F /* Styles */,
				C9540268298BA47200F9990F /* LabelledDivider.swift */,
				C954026A298BA50200F9990F /* CustomRow.swift */,
				C9493DF2298BB053007D5D4E /* ErrorView.swift */,
				C982E81A298CFF6E005FE554 /* WeatherSuccessView.swift */,
				C99AA3432992AB3C00560A2E /* WeatherView.swift */,
			);
			path = "SwiftUI Views";
			sourceTree = "<group>";
		};
		C954026C298BAB8B00F9990F /* Styles */ = {
			isa = PBXGroup;
			children = (
				C954026D298BAB9F00F9990F /* LabelStyle.swift */,
			);
			path = Styles;
			sourceTree = "<group>";
		};
		C95B08CF298A66760011966D /* View Controllers */ = {
			isa = PBXGroup;
			children = (
				C96D28292988230F007CF170 /* WeatherDisplayViewController.swift */,
				C97EBF77298DE9C900A29C86 /* ShowWeatherViewController.swift */,
			);
			path = "View Controllers";
			sourceTree = "<group>";
		};
		C95B08D0298A66A00011966D /* Cells */ = {
			isa = PBXGroup;
			children = (
				C9E238EC2989925C005C3BA4 /* WeatherHeaderCollectionViewCell.swift */,
				C989B148298ABBE80095ABD7 /* WeatherDisplayTableViewCell.swift */,
			);
			path = Cells;
			sourceTree = "<group>";
		};
		C95B08D1298A66B40011966D /* Classes */ = {
			isa = PBXGroup;
			children = (
				C95B08CD298A5E1C0011966D /* WeatherDisplay.swift */,
			);
			path = Classes;
			sourceTree = "<group>";
		};
		C96D28192988230E007CF170 = {
			isa = PBXGroup;
			children = (
				C96D28242988230F007CF170 /* RobertsDVTWeatherTakeHome */,
				C96D28232988230F007CF170 /* Products */,
			);
			sourceTree = "<group>";
		};
		C96D28232988230F007CF170 /* Products */ = {
			isa = PBXGroup;
			children = (
				C96D28222988230F007CF170 /* RobertsDVTWeatherTakeHome.app */,
			);
			name = Products;
			sourceTree = "<group>";
		};
		C96D28242988230F007CF170 /* RobertsDVTWeatherTakeHome */ = {
			isa = PBXGroup;
			children = (
				C91DA35F2991C4B4005DAD06 /* States */,
				C91DA35A2991C16F005DAD06 /* Service */,
				C91DA355299194E3005DAD06 /* Endpoint */,
				C91DA35229919287005DAD06 /* View Model */,
				C9493DEF298BAF94007D5D4E /* Error */,
				C9540267298BA45700F9990F /* SwiftUI Views */,
				C9540258298B96E300F9990F /* Extensions */,
				C954024D298B950500F9990F /* Model */,
				C9FFEA77298891A70000F659 /* Helper Methods */,
				C96D28252988230F007CF170 /* AppDelegate.swift */,
				C96D28272988230F007CF170 /* SceneDelegate.swift */,
				C95B08CF298A66760011966D /* View Controllers */,
				C96D282B2988230F007CF170 /* Main.storyboard */,
				C95B08D0298A66A00011966D /* Cells */,
				C95B08D1298A66B40011966D /* Classes */,
				C96D282E29882310007CF170 /* Assets.xcassets */,
				C96D283029882310007CF170 /* LaunchScreen.storyboard */,
				C96D283329882310007CF170 /* Info.plist */,
			);
			path = RobertsDVTWeatherTakeHome;
			sourceTree = "<group>";
		};
		C9FFEA77298891A70000F659 /* Helper Methods */ = {
			isa = PBXGroup;
			children = (
				C9FFEA78298891A70000F659 /* CustomBlurView.swift */,
				C9FFEA79298891A70000F659 /* CustomUIView.swift */,
				C9FFEA7A298891A70000F659 /* Font.swift */,
				C9FFEA7B298891A70000F659 /* CustomImageView.swift */,
				C99AA3412992696300560A2E /* General Helpers.swift */,
			);
			path = "Helper Methods";
			sourceTree = "<group>";
		};
/* End PBXGroup section */

/* Begin PBXNativeTarget section */
		C96D28212988230F007CF170 /* RobertsDVTWeatherTakeHome */ = {
			isa = PBXNativeTarget;
			buildConfigurationList = C96D283629882310007CF170 /* Build configuration list for PBXNativeTarget "RobertsDVTWeatherTakeHome" */;
			buildPhases = (
				C96D281E2988230F007CF170 /* Sources */,
				C96D281F2988230F007CF170 /* Frameworks */,
				C96D28202988230F007CF170 /* Resources */,
			);
			buildRules = (
			);
			dependencies = (
			);
			name = RobertsDVTWeatherTakeHome;
			productName = RobertsDVTWeatherTakeHome;
			productReference = C96D28222988230F007CF170 /* RobertsDVTWeatherTakeHome.app */;
			productType = "com.apple.product-type.application";
		};
/* End PBXNativeTarget section */

/* Begin PBXProject section */
		C96D281A2988230E007CF170 /* Project object */ = {
			isa = PBXProject;
			attributes = {
				BuildIndependentTargetsInParallel = 1;
				LastSwiftUpdateCheck = 1330;
				LastUpgradeCheck = 1330;
				TargetAttributes = {
					C96D28212988230F007CF170 = {
						CreatedOnToolsVersion = 13.3;
					};
				};
			};
			buildConfigurationList = C96D281D2988230E007CF170 /* Build configuration list for PBXProject "RobertsDVTWeatherTakeHome" */;
			compatibilityVersion = "Xcode 13.0";
			developmentRegion = en;
			hasScannedForEncodings = 0;
			knownRegions = (
				en,
				Base,
			);
			mainGroup = C96D28192988230E007CF170;
			productRefGroup = C96D28232988230F007CF170 /* Products */;
			projectDirPath = "";
			projectRoot = "";
			targets = (
				C96D28212988230F007CF170 /* RobertsDVTWeatherTakeHome */,
			);
		};
/* End PBXProject section */

/* Begin PBXResourcesBuildPhase section */
		C96D28202988230F007CF170 /* Resources */ = {
			isa = PBXResourcesBuildPhase;
			buildActionMask = 2147483647;
			files = (
				C96D283229882310007CF170 /* LaunchScreen.storyboard in Resources */,
				C96D282F29882310007CF170 /* Assets.xcassets in Resources */,
				C96D282D2988230F007CF170 /* Main.storyboard in Resources */,
			);
			runOnlyForDeploymentPostprocessing = 0;
		};
/* End PBXResourcesBuildPhase section */

/* Begin PBXSourcesBuildPhase section */
		C96D281E2988230F007CF170 /* Sources */ = {
			isa = PBXSourcesBuildPhase;
			buildActionMask = 2147483647;
			files = (
				C9E238ED2989925C005C3BA4 /* WeatherHeaderCollectionViewCell.swift in Sources */,
				C9540260298B990C00F9990F /* WeatherManager.swift in Sources */,
				C989B149298ABBE80095ABD7 /* WeatherDisplayTableViewCell.swift in Sources */,
				C99AA3422992696300560A2E /* General Helpers.swift in Sources */,
				C97EBF78298DE9C900A29C86 /* ShowWeatherViewController.swift in Sources */,
				C954026E298BAB9F00F9990F /* LabelStyle.swift in Sources */,
				C9540269298BA47200F9990F /* LabelledDivider.swift in Sources */,
				C9540257298B96A900F9990F /* MulticastDelegate.swift in Sources */,
				C91DA357299194FC005DAD06 /* WeatherEndpoint.swift in Sources */,
				C9540262298B996B00F9990F /* Network.swift in Sources */,
				C91DA3592991BFCC005DAD06 /* WeatherViewModel.swift in Sources */,
				C9493DF1298BAFA4007D5D4E /* APIError.swift in Sources */,
				C91DA3612991C4C8005DAD06 /* ResultState.swift in Sources */,
				C99AA3442992AB3C00560A2E /* WeatherView.swift in Sources */,
				C954025A298B96FB00F9990F /* ExtensionOnDate.swift in Sources */,
				C96D282A2988230F007CF170 /* WeatherDisplayViewController.swift in Sources */,
				C9493DF3298BB053007D5D4E /* ErrorView.swift in Sources */,
				C91DA3632991C7A6005DAD06 /* ForecastResponse.swift in Sources */,
				C9FFEA7D298891A70000F659 /* CustomUIView.swift in Sources */,
				C9FFEA7E298891A70000F659 /* Font.swift in Sources */,
				C9FFEA7F298891A70000F659 /* CustomImageView.swift in Sources */,
				C96D28262988230F007CF170 /* AppDelegate.swift in Sources */,
				C91DA35C2991C182005DAD06 /* WeatherService.swift in Sources */,
				C954025E298B989100F9990F /* ExtensionOnCollection.swift in Sources */,
				C91DA35E2991C260005DAD06 /* CurrentWeatherResponse.swift in Sources */,
				C95B08CE298A5E1C0011966D /* WeatherDisplay.swift in Sources */,
				C9FFEA7C298891A70000F659 /* CustomBlurView.swift in Sources */,
				C9540264298B99F100F9990F /* Request.swift in Sources */,
				C9540266298BA0AE00F9990F /* ExtensionOnView.swift in Sources */,
				C91DA3542991929A005DAD06 /* LocationViewModel.swift in Sources */,
				C982E81B298CFF6E005FE554 /* WeatherSuccessView.swift in Sources */,
				C954025C298B983100F9990F /* ExtensionOnArray.swift in Sources */,
				C9540253298B95D800F9990F /* WeatherModel.swift in Sources */,
				C954026B298BA50200F9990F /* CustomRow.swift in Sources */,
				C954024F298B952100F9990F /* WeatherData.swift in Sources */,
				C9540251298B958700F9990F /* City.swift in Sources */,
				C9540255298B963600F9990F /* ForecastModel.swift in Sources */,
				C96D28282988230F007CF170 /* SceneDelegate.swift in Sources */,
			);
			runOnlyForDeploymentPostprocessing = 0;
		};
/* End PBXSourcesBuildPhase section */

/* Begin PBXVariantGroup section */
		C96D282B2988230F007CF170 /* Main.storyboard */ = {
			isa = PBXVariantGroup;
			children = (
				C96D282C2988230F007CF170 /* Base */,
			);
			name = Main.storyboard;
			sourceTree = "<group>";
		};
		C96D283029882310007CF170 /* LaunchScreen.storyboard */ = {
			isa = PBXVariantGroup;
			children = (
				C96D283129882310007CF170 /* Base */,
			);
			name = LaunchScreen.storyboard;
			sourceTree = "<group>";
		};
/* End PBXVariantGroup section */

/* Begin XCBuildConfiguration section */
		C96D283429882310007CF170 /* Debug */ = {
			isa = XCBuildConfiguration;
			buildSettings = {
				ALWAYS_SEARCH_USER_PATHS = NO;
				CLANG_ANALYZER_NONNULL = YES;
				CLANG_ANALYZER_NUMBER_OBJECT_CONVERSION = YES_AGGRESSIVE;
				CLANG_CXX_LANGUAGE_STANDARD = "gnu++17";
				CLANG_ENABLE_MODULES = YES;
				CLANG_ENABLE_OBJC_ARC = YES;
				CLANG_ENABLE_OBJC_WEAK = YES;
				CLANG_WARN_BLOCK_CAPTURE_AUTORELEASING = YES;
				CLANG_WARN_BOOL_CONVERSION = YES;
				CLANG_WARN_COMMA = YES;
				CLANG_WARN_CONSTANT_CONVERSION = YES;
				CLANG_WARN_DEPRECATED_OBJC_IMPLEMENTATIONS = YES;
				CLANG_WARN_DIRECT_OBJC_ISA_USAGE = YES_ERROR;
				CLANG_WARN_DOCUMENTATION_COMMENTS = YES;
				CLANG_WARN_EMPTY_BODY = YES;
				CLANG_WARN_ENUM_CONVERSION = YES;
				CLANG_WARN_INFINITE_RECURSION = YES;
				CLANG_WARN_INT_CONVERSION = YES;
				CLANG_WARN_NON_LITERAL_NULL_CONVERSION = YES;
				CLANG_WARN_OBJC_IMPLICIT_RETAIN_SELF = YES;
				CLANG_WARN_OBJC_LITERAL_CONVERSION = YES;
				CLANG_WARN_OBJC_ROOT_CLASS = YES_ERROR;
				CLANG_WARN_QUOTED_INCLUDE_IN_FRAMEWORK_HEADER = YES;
				CLANG_WARN_RANGE_LOOP_ANALYSIS = YES;
				CLANG_WARN_STRICT_PROTOTYPES = YES;
				CLANG_WARN_SUSPICIOUS_MOVE = YES;
				CLANG_WARN_UNGUARDED_AVAILABILITY = YES_AGGRESSIVE;
				CLANG_WARN_UNREACHABLE_CODE = YES;
				CLANG_WARN__DUPLICATE_METHOD_MATCH = YES;
				COPY_PHASE_STRIP = NO;
				DEBUG_INFORMATION_FORMAT = dwarf;
				ENABLE_STRICT_OBJC_MSGSEND = YES;
				ENABLE_TESTABILITY = YES;
				GCC_C_LANGUAGE_STANDARD = gnu11;
				GCC_DYNAMIC_NO_PIC = NO;
				GCC_NO_COMMON_BLOCKS = YES;
				GCC_OPTIMIZATION_LEVEL = 0;
				GCC_PREPROCESSOR_DEFINITIONS = (
					"DEBUG=1",
					"$(inherited)",
				);
				GCC_WARN_64_TO_32_BIT_CONVERSION = YES;
				GCC_WARN_ABOUT_RETURN_TYPE = YES_ERROR;
				GCC_WARN_UNDECLARED_SELECTOR = YES;
				GCC_WARN_UNINITIALIZED_AUTOS = YES_AGGRESSIVE;
				GCC_WARN_UNUSED_FUNCTION = YES;
				GCC_WARN_UNUSED_VARIABLE = YES;
				IPHONEOS_DEPLOYMENT_TARGET = 15.4;
				MTL_ENABLE_DEBUG_INFO = INCLUDE_SOURCE;
				MTL_FAST_MATH = YES;
				ONLY_ACTIVE_ARCH = YES;
				SDKROOT = iphoneos;
				SWIFT_ACTIVE_COMPILATION_CONDITIONS = DEBUG;
				SWIFT_OPTIMIZATION_LEVEL = "-Onone";
			};
			name = Debug;
		};
		C96D283529882310007CF170 /* Release */ = {
			isa = XCBuildConfiguration;
			buildSettings = {
				ALWAYS_SEARCH_USER_PATHS = NO;
				CLANG_ANALYZER_NONNULL = YES;
				CLANG_ANALYZER_NUMBER_OBJECT_CONVERSION = YES_AGGRESSIVE;
				CLANG_CXX_LANGUAGE_STANDARD = "gnu++17";
				CLANG_ENABLE_MODULES = YES;
				CLANG_ENABLE_OBJC_ARC = YES;
				CLANG_ENABLE_OBJC_WEAK = YES;
				CLANG_WARN_BLOCK_CAPTURE_AUTORELEASING = YES;
				CLANG_WARN_BOOL_CONVERSION = YES;
				CLANG_WARN_COMMA = YES;
				CLANG_WARN_CONSTANT_CONVERSION = YES;
				CLANG_WARN_DEPRECATED_OBJC_IMPLEMENTATIONS = YES;
				CLANG_WARN_DIRECT_OBJC_ISA_USAGE = YES_ERROR;
				CLANG_WARN_DOCUMENTATION_COMMENTS = YES;
				CLANG_WARN_EMPTY_BODY = YES;
				CLANG_WARN_ENUM_CONVERSION = YES;
				CLANG_WARN_INFINITE_RECURSION = YES;
				CLANG_WARN_INT_CONVERSION = YES;
				CLANG_WARN_NON_LITERAL_NULL_CONVERSION = YES;
				CLANG_WARN_OBJC_IMPLICIT_RETAIN_SELF = YES;
				CLANG_WARN_OBJC_LITERAL_CONVERSION = YES;
				CLANG_WARN_OBJC_ROOT_CLASS = YES_ERROR;
				CLANG_WARN_QUOTED_INCLUDE_IN_FRAMEWORK_HEADER = YES;
				CLANG_WARN_RANGE_LOOP_ANALYSIS = YES;
				CLANG_WARN_STRICT_PROTOTYPES = YES;
				CLANG_WARN_SUSPICIOUS_MOVE = YES;
				CLANG_WARN_UNGUARDED_AVAILABILITY = YES_AGGRESSIVE;
				CLANG_WARN_UNREACHABLE_CODE = YES;
				CLANG_WARN__DUPLICATE_METHOD_MATCH = YES;
				COPY_PHASE_STRIP = NO;
				DEBUG_INFORMATION_FORMAT = "dwarf-with-dsym";
				ENABLE_NS_ASSERTIONS = NO;
				ENABLE_STRICT_OBJC_MSGSEND = YES;
				GCC_C_LANGUAGE_STANDARD = gnu11;
				GCC_NO_COMMON_BLOCKS = YES;
				GCC_WARN_64_TO_32_BIT_CONVERSION = YES;
				GCC_WARN_ABOUT_RETURN_TYPE = YES_ERROR;
				GCC_WARN_UNDECLARED_SELECTOR = YES;
				GCC_WARN_UNINITIALIZED_AUTOS = YES_AGGRESSIVE;
				GCC_WARN_UNUSED_FUNCTION = YES;
				GCC_WARN_UNUSED_VARIABLE = YES;
				IPHONEOS_DEPLOYMENT_TARGET = 15.4;
				MTL_ENABLE_DEBUG_INFO = NO;
				MTL_FAST_MATH = YES;
				SDKROOT = iphoneos;
				SWIFT_COMPILATION_MODE = wholemodule;
				SWIFT_OPTIMIZATION_LEVEL = "-O";
				VALIDATE_PRODUCT = YES;
			};
			name = Release;
		};
		C96D283729882310007CF170 /* Debug */ = {
			isa = XCBuildConfiguration;
			buildSettings = {
				ASSETCATALOG_COMPILER_APPICON_NAME = AppIcon;
				ASSETCATALOG_COMPILER_GLOBAL_ACCENT_COLOR_NAME = AccentColor;
				CODE_SIGN_STYLE = Automatic;
				CURRENT_PROJECT_VERSION = 1;
				DEVELOPMENT_TEAM = ZD3ZX8KHC6;
				GENERATE_INFOPLIST_FILE = YES;
				INFOPLIST_FILE = RobertsDVTWeatherTakeHome/Info.plist;
				INFOPLIST_KEY_NSLocationWhenInUseUsageDescription = "Bob's Weather needs location access to display the weather in your area";
				INFOPLIST_KEY_UIApplicationSupportsIndirectInputEvents = YES;
				INFOPLIST_KEY_UILaunchStoryboardName = LaunchScreen;
				INFOPLIST_KEY_UIMainStoryboardFile = Main;
				INFOPLIST_KEY_UISupportedInterfaceOrientations_iPad = "UIInterfaceOrientationPortrait UIInterfaceOrientationPortraitUpsideDown UIInterfaceOrientationLandscapeLeft UIInterfaceOrientationLandscapeRight";
				INFOPLIST_KEY_UISupportedInterfaceOrientations_iPhone = "UIInterfaceOrientationPortrait UIInterfaceOrientationLandscapeLeft UIInterfaceOrientationLandscapeRight";
				LD_RUNPATH_SEARCH_PATHS = (
					"$(inherited)",
					"@executable_path/Frameworks",
				);
				MARKETING_VERSION = 1.0;
				PRODUCT_BUNDLE_IDENTIFIER = com.supernovaonline.RobertsDVTWeatherTakeHome;
				PRODUCT_NAME = "$(TARGET_NAME)";
				SWIFT_EMIT_LOC_STRINGS = YES;
				SWIFT_VERSION = 5.0;
				TARGETED_DEVICE_FAMILY = "1,2";
			};
			name = Debug;
		};
		C96D283829882310007CF170 /* Release */ = {
			isa = XCBuildConfiguration;
			buildSettings = {
				ASSETCATALOG_COMPILER_APPICON_NAME = AppIcon;
				ASSETCATALOG_COMPILER_GLOBAL_ACCENT_COLOR_NAME = AccentColor;
				CODE_SIGN_STYLE = Automatic;
				CURRENT_PROJECT_VERSION = 1;
				DEVELOPMENT_TEAM = ZD3ZX8KHC6;
				GENERATE_INFOPLIST_FILE = YES;
				INFOPLIST_FILE = RobertsDVTWeatherTakeHome/Info.plist;
				INFOPLIST_KEY_NSLocationWhenInUseUsageDescription = "Bob's Weather needs location access to display the weather in your area";
				INFOPLIST_KEY_UIApplicationSupportsIndirectInputEvents = YES;
				INFOPLIST_KEY_UILaunchStoryboardName = LaunchScreen;
				INFOPLIST_KEY_UIMainStoryboardFile = Main;
				INFOPLIST_KEY_UISupportedInterfaceOrientations_iPad = "UIInterfaceOrientationPortrait UIInterfaceOrientationPortraitUpsideDown UIInterfaceOrientationLandscapeLeft UIInterfaceOrientationLandscapeRight";
				INFOPLIST_KEY_UISupportedInterfaceOrientations_iPhone = "UIInterfaceOrientationPortrait UIInterfaceOrientationLandscapeLeft UIInterfaceOrientationLandscapeRight";
				LD_RUNPATH_SEARCH_PATHS = (
					"$(inherited)",
					"@executable_path/Frameworks",
				);
				MARKETING_VERSION = 1.0;
				PRODUCT_BUNDLE_IDENTIFIER = com.supernovaonline.RobertsDVTWeatherTakeHome;
				PRODUCT_NAME = "$(TARGET_NAME)";
				SWIFT_EMIT_LOC_STRINGS = YES;
				SWIFT_VERSION = 5.0;
				TARGETED_DEVICE_FAMILY = "1,2";
			};
			name = Release;
		};
/* End XCBuildConfiguration section */

/* Begin XCConfigurationList section */
		C96D281D2988230E007CF170 /* Build configuration list for PBXProject "RobertsDVTWeatherTakeHome" */ = {
			isa = XCConfigurationList;
			buildConfigurations = (
				C96D283429882310007CF170 /* Debug */,
				C96D283529882310007CF170 /* Release */,
			);
			defaultConfigurationIsVisible = 0;
			defaultConfigurationName = Release;
		};
		C96D283629882310007CF170 /* Build configuration list for PBXNativeTarget "RobertsDVTWeatherTakeHome" */ = {
			isa = XCConfigurationList;
			buildConfigurations = (
				C96D283729882310007CF170 /* Debug */,
				C96D283829882310007CF170 /* Release */,
			);
			defaultConfigurationIsVisible = 0;
			defaultConfigurationName = Release;
		};
/* End XCConfigurationList section */
	};
	rootObject = C96D281A2988230E007CF170 /* Project object */;
}
